
Microsoft Visual Studio Solution File, Format Version 12.00
# Visual Studio Version 17
VisualStudioVersion = 17.3.32825.248
MinimumVisualStudioVersion = 10.0.40219.1
Project("{FAE04EC0-301F-11D3-BF4B-00C04F79EFBC}") = "WebApplication7", "WebApplication7.csproj", "{2550D413-CB7B-4234-844E-1179292B1F8F}"
EndProject
Project("{FAE04EC0-301F-11D3-BF4B-00C04F79EFBC}") = "ConsoleApp19", "..\ConsoleApp19\ConsoleApp19.csproj", "{66C2A222-8E1B-48A1-8920-E6FCE93846E3}"
EndProject
Project("{FAE04EC0-301F-11D3-BF4B-00C04F79EFBC}") = "ConsoleApp20", "..\ConsoleApp20\ConsoleApp20.csproj", "{B2E0E8E6-29E6-4800-9D98-E379C3B88F07}"
EndProject
Global
	GlobalSection(SolutionConfigurationPlatforms) = preSolution
		Debug|Any CPU = Debug|Any CPU
		Release|Any CPU = Release|Any CPU
	EndGlobalSection
	GlobalSection(ProjectConfigurationPlatforms) = postSolution
		{2550D413-CB7B-4234-844E-1179292B1F8F}.Debug|Any CPU.ActiveCfg = Debug|Any CPU
		{2550D413-CB7B-4234-844E-1179292B1F8F}.Debug|Any CPU.Build.0 = Debug|Any CPU
		{2550D413-CB7B-4234-844E-1179292B1F8F}.Release|Any CPU.ActiveCfg = Release|Any CPU
		{2550D413-CB7B-4234-844E-1179292B1F8F}.Release|Any CPU.Build.0 = Release|Any CPU
		{66C2A222-8E1B-48A1-8920-E6FCE93846E3}.Debug|Any CPU.ActiveCfg = Debug|Any CPU
		{66C2A222-8E1B-48A1-8920-E6FCE93846E3}.Debug|Any CPU.Build.0 = Debug|Any CPU
		{66C2A222-8E1B-48A1-8920-E6FCE93846E3}.Release|Any CPU.ActiveCfg = Release|Any CPU
		{66C2A222-8E1B-48A1-8920-E6FCE93846E3}.Release|Any CPU.Build.0 = Release|Any CPU
		{B2E0E8E6-29E6-4800-9D98-E379C3B88F07}.Debug|Any CPU.ActiveCfg = Debug|Any CPU
		{B2E0E8E6-29E6-4800-9D98-E379C3B88F07}.Debug|Any CPU.Build.0 = Debug|Any CPU
		{B2E0E8E6-29E6-4800-9D98-E379C3B88F07}.Release|Any CPU.ActiveCfg = Release|Any CPU
		{B2E0E8E6-29E6-4800-9D98-E379C3B88F07}.Release|Any CPU.Build.0 = Release|Any CPU
	EndGlobalSection
	GlobalSection(SolutionProperties) = preSolution
		HideSolutionNode = FALSE
	EndGlobalSection
	GlobalSection(ExtensibilityGlobals) = postSolution
		SolutionGuid = {E09B703F-B900-4D41-9B43-424A8294F186}
	EndGlobalSection
EndGlobal
